// !$*UTF8*$!
{
	archiveVersion = 1;
	classes = {
	};
	objectVersion = 50;
	objects = {

/* Begin PBXBuildFile section */
		24424C3622CA5F3F008646BC /* AppDelegate.swift in Sources */ = {isa = PBXBuildFile; fileRef = 24424C3522CA5F3F008646BC /* AppDelegate.swift */; };
		24424C3B22CA5F3F008646BC /* Main.storyboard in Resources */ = {isa = PBXBuildFile; fileRef = 24424C3922CA5F3F008646BC /* Main.storyboard */; };
		24424C3D22CA5F40008646BC /* Assets.xcassets in Resources */ = {isa = PBXBuildFile; fileRef = 24424C3C22CA5F40008646BC /* Assets.xcassets */; };
		24424C4022CA5F40008646BC /* LaunchScreen.storyboard in Resources */ = {isa = PBXBuildFile; fileRef = 24424C3E22CA5F40008646BC /* LaunchScreen.storyboard */; };
		24424C4822CA62E8008646BC /* MainViewController.swift in Sources */ = {isa = PBXBuildFile; fileRef = 24424C4722CA62E8008646BC /* MainViewController.swift */; };
		24424C4A22CA7D7D008646BC /* CustomTableViewCell.swift in Sources */ = {isa = PBXBuildFile; fileRef = 24424C4922CA7D7D008646BC /* CustomTableViewCell.swift */; };
		24424C4C22CA8237008646BC /* PlaceModel.swift in Sources */ = {isa = PBXBuildFile; fileRef = 24424C4B22CA8237008646BC /* PlaceModel.swift */; };
		2484A7FE22CBA8130087B424 /* NewPlaceViewController.swift in Sources */ = {isa = PBXBuildFile; fileRef = 2484A7FD22CBA8130087B424 /* NewPlaceViewController.swift */; };
		2484A81E22D333F10087B424 /* StorageManager.swift in Sources */ = {isa = PBXBuildFile; fileRef = 2484A81D22D333F10087B424 /* StorageManager.swift */; };
		EB0296A010AB1C4F9D8C0810 /* Pods_myPlaces.framework in Frameworks */ = {isa = PBXBuildFile; fileRef = 7F96F737F05BA6714F170B0A /* Pods_myPlaces.framework */; };
/* End PBXBuildFile section */

/* Begin PBXFileReference section */
		24424C3222CA5F3F008646BC /* myPlaces.app */ = {isa = PBXFileReference; explicitFileType = wrapper.application; includeInIndex = 0; path = myPlaces.app; sourceTree = BUILT_PRODUCTS_DIR; };
		24424C3522CA5F3F008646BC /* AppDelegate.swift */ = {isa = PBXFileReference; lastKnownFileType = sourcecode.swift; path = AppDelegate.swift; sourceTree = "<group>"; };
		24424C3A22CA5F3F008646BC /* Base */ = {isa = PBXFileReference; lastKnownFileType = file.storyboard; name = Base; path = Base.lproj/Main.storyboard; sourceTree = "<group>"; };
		24424C3C22CA5F40008646BC /* Assets.xcassets */ = {isa = PBXFileReference; lastKnownFileType = folder.assetcatalog; path = Assets.xcassets; sourceTree = "<group>"; };
		24424C3F22CA5F40008646BC /* Base */ = {isa = PBXFileReference; lastKnownFileType = file.storyboard; name = Base; path = Base.lproj/LaunchScreen.storyboard; sourceTree = "<group>"; };
		24424C4122CA5F40008646BC /* Info.plist */ = {isa = PBXFileReference; lastKnownFileType = text.plist.xml; path = Info.plist; sourceTree = "<group>"; };
		24424C4722CA62E8008646BC /* MainViewController.swift */ = {isa = PBXFileReference; lastKnownFileType = sourcecode.swift; path = MainViewController.swift; sourceTree = "<group>"; };
		24424C4922CA7D7D008646BC /* CustomTableViewCell.swift */ = {isa = PBXFileReference; lastKnownFileType = sourcecode.swift; path = CustomTableViewCell.swift; sourceTree = "<group>"; };
		24424C4B22CA8237008646BC /* PlaceModel.swift */ = {isa = PBXFileReference; lastKnownFileType = sourcecode.swift; path = PlaceModel.swift; sourceTree = "<group>"; };
		2484A7FD22CBA8130087B424 /* NewPlaceViewController.swift */ = {isa = PBXFileReference; lastKnownFileType = sourcecode.swift; path = NewPlaceViewController.swift; sourceTree = "<group>"; };
		2484A81D22D333F10087B424 /* StorageManager.swift */ = {isa = PBXFileReference; lastKnownFileType = sourcecode.swift; path = StorageManager.swift; sourceTree = "<group>"; };
		7A8415404972893965B11B1D /* Pods-myPlaces.debug.xcconfig */ = {isa = PBXFileReference; includeInIndex = 1; lastKnownFileType = text.xcconfig; name = "Pods-myPlaces.debug.xcconfig"; path = "Target Support Files/Pods-myPlaces/Pods-myPlaces.debug.xcconfig"; sourceTree = "<group>"; };
		7F96F737F05BA6714F170B0A /* Pods_myPlaces.framework */ = {isa = PBXFileReference; explicitFileType = wrapper.framework; includeInIndex = 0; path = Pods_myPlaces.framework; sourceTree = BUILT_PRODUCTS_DIR; };
		B126A5BE413973D9F1F2935F /* Pods-myPlaces.release.xcconfig */ = {isa = PBXFileReference; includeInIndex = 1; lastKnownFileType = text.xcconfig; name = "Pods-myPlaces.release.xcconfig"; path = "Target Support Files/Pods-myPlaces/Pods-myPlaces.release.xcconfig"; sourceTree = "<group>"; };
/* End PBXFileReference section */

/* Begin PBXFrameworksBuildPhase section */
		24424C2F22CA5F3F008646BC /* Frameworks */ = {
			isa = PBXFrameworksBuildPhase;
			buildActionMask = 2147483647;
			files = (
				EB0296A010AB1C4F9D8C0810 /* Pods_myPlaces.framework in Frameworks */,
			);
			runOnlyForDeploymentPostprocessing = 0;
		};
/* End PBXFrameworksBuildPhase section */

/* Begin PBXGroup section */
		24424C2922CA5F3F008646BC = {
			isa = PBXGroup;
			children = (
				24424C3422CA5F3F008646BC /* myPlaces */,
				24424C3322CA5F3F008646BC /* Products */,
				FC66065870C7C44C21CD1C0F /* Pods */,
				5D3C46441F07EDE87255BD65 /* Frameworks */,
			);
			sourceTree = "<group>";
		};
		24424C3322CA5F3F008646BC /* Products */ = {
			isa = PBXGroup;
			children = (
				24424C3222CA5F3F008646BC /* myPlaces.app */,
			);
			name = Products;
			sourceTree = "<group>";
		};
		24424C3422CA5F3F008646BC /* myPlaces */ = {
			isa = PBXGroup;
			children = (
				24424C3522CA5F3F008646BC /* AppDelegate.swift */,
				24424C4722CA62E8008646BC /* MainViewController.swift */,
				2484A7FD22CBA8130087B424 /* NewPlaceViewController.swift */,
				24424C4B22CA8237008646BC /* PlaceModel.swift */,
				2484A81D22D333F10087B424 /* StorageManager.swift */,
				24424C4922CA7D7D008646BC /* CustomTableViewCell.swift */,
				24424C3922CA5F3F008646BC /* Main.storyboard */,
				24424C3C22CA5F40008646BC /* Assets.xcassets */,
				24424C3E22CA5F40008646BC /* LaunchScreen.storyboard */,
				24424C4122CA5F40008646BC /* Info.plist */,
			);
			path = myPlaces;
			sourceTree = "<group>";
		};
		5D3C46441F07EDE87255BD65 /* Frameworks */ = {
			isa = PBXGroup;
			children = (
				7F96F737F05BA6714F170B0A /* Pods_myPlaces.framework */,
			);
			name = Frameworks;
			sourceTree = "<group>";
		};
		FC66065870C7C44C21CD1C0F /* Pods */ = {
			isa = PBXGroup;
			children = (
				7A8415404972893965B11B1D /* Pods-myPlaces.debug.xcconfig */,
				B126A5BE413973D9F1F2935F /* Pods-myPlaces.release.xcconfig */,
			);
			path = Pods;
			sourceTree = "<group>";
		};
/* End PBXGroup section */

/* Begin PBXNativeTarget section */
		24424C3122CA5F3F008646BC /* myPlaces */ = {
			isa = PBXNativeTarget;
			buildConfigurationList = 24424C4422CA5F40008646BC /* Build configuration list for PBXNativeTarget "myPlaces" */;
			buildPhases = (
				027EA5669A682EA61F3F3A01 /* [CP] Check Pods Manifest.lock */,
				24424C2E22CA5F3F008646BC /* Sources */,
				24424C2F22CA5F3F008646BC /* Frameworks */,
				24424C3022CA5F3F008646BC /* Resources */,
				2B84F5D838FAB44C6FC308F5 /* [CP] Embed Pods Frameworks */,
			);
			buildRules = (
			);
			dependencies = (
			);
			name = myPlaces;
			productName = myPlaces;
			productReference = 24424C3222CA5F3F008646BC /* myPlaces.app */;
			productType = "com.apple.product-type.application";
		};
/* End PBXNativeTarget section */

/* Begin PBXProject section */
		24424C2A22CA5F3F008646BC /* Project object */ = {
			isa = PBXProject;
			attributes = {
				LastSwiftUpdateCheck = 1020;
				LastUpgradeCheck = 1020;
				ORGANIZATIONNAME = "Aidar Zhussupov";
				TargetAttributes = {
					24424C3122CA5F3F008646BC = {
						CreatedOnToolsVersion = 10.2.1;
					};
				};
			};
			buildConfigurationList = 24424C2D22CA5F3F008646BC /* Build configuration list for PBXProject "myPlaces" */;
			compatibilityVersion = "Xcode 9.3";
			developmentRegion = en;
			hasScannedForEncodings = 0;
			knownRegions = (
				en,
				Base,
			);
			mainGroup = 24424C2922CA5F3F008646BC;
			productRefGroup = 24424C3322CA5F3F008646BC /* Products */;
			projectDirPath = "";
			projectRoot = "";
			targets = (
				24424C3122CA5F3F008646BC /* myPlaces */,
			);
		};
/* End PBXProject section */

/* Begin PBXResourcesBuildPhase section */
		24424C3022CA5F3F008646BC /* Resources */ = {
			isa = PBXResourcesBuildPhase;
			buildActionMask = 2147483647;
			files = (
				24424C4022CA5F40008646BC /* LaunchScreen.storyboard in Resources */,
				24424C3D22CA5F40008646BC /* Assets.xcassets in Resources */,
				24424C3B22CA5F3F008646BC /* Main.storyboard in Resources */,
			);
			runOnlyForDeploymentPostprocessing = 0;
		};
/* End PBXResourcesBuildPhase section */

/* Begin PBXShellScriptBuildPhase section */
		027EA5669A682EA61F3F3A01 /* [CP] Check Pods Manifest.lock */ = {
			isa = PBXShellScriptBuildPhase;
			buildActionMask = 2147483647;
			files = (
			);
			inputFileListPaths = (
			);
			inputPaths = (
				"${PODS_PODFILE_DIR_PATH}/Podfile.lock",
				"${PODS_ROOT}/Manifest.lock",
			);
			name = "[CP] Check Pods Manifest.lock";
			outputFileListPaths = (
			);
			outputPaths = (
				"$(DERIVED_FILE_DIR)/Pods-myPlaces-checkManifestLockResult.txt",
			);
			runOnlyForDeploymentPostprocessing = 0;
			shellPath = /bin/sh;
			shellScript = "diff \"${PODS_PODFILE_DIR_PATH}/Podfile.lock\" \"${PODS_ROOT}/Manifest.lock\" > /dev/null\nif [ $? != 0 ] ; then\n    # print error to STDERR\n    echo \"error: The sandbox is not in sync with the Podfile.lock. Run 'pod install' or update your CocoaPods installation.\" >&2\n    exit 1\nfi\n# This output is used by Xcode 'outputs' to avoid re-running this script phase.\necho \"SUCCESS\" > \"${SCRIPT_OUTPUT_FILE_0}\"\n";
			showEnvVarsInLog = 0;
		};
		2B84F5D838FAB44C6FC308F5 /* [CP] Embed Pods Frameworks */ = {
			isa = PBXShellScriptBuildPhase;
			buildActionMask = 2147483647;
			files = (
			);
			inputFileListPaths = (
			);
			inputPaths = (
				"${PODS_ROOT}/Target Support Files/Pods-myPlaces/Pods-myPlaces-frameworks.sh",
				"${BUILT_PRODUCTS_DIR}/Realm/Realm.framework",
				"${BUILT_PRODUCTS_DIR}/RealmSwift/RealmSwift.framework",
			);
			name = "[CP] Embed Pods Frameworks";
			outputFileListPaths = (
			);
			outputPaths = (
				"${TARGET_BUILD_DIR}/${FRAMEWORKS_FOLDER_PATH}/Realm.framework",
				"${TARGET_BUILD_DIR}/${FRAMEWORKS_FOLDER_PATH}/RealmSwift.framework",
			);
			runOnlyForDeploymentPostprocessing = 0;
			shellPath = /bin/sh;
			shellScript = "\"${PODS_ROOT}/Target Support Files/Pods-myPlaces/Pods-myPlaces-frameworks.sh\"\n";
			showEnvVarsInLog = 0;
		};
/* End PBXShellScriptBuildPhase section */

/* Begin PBXSourcesBuildPhase section */
		24424C2E22CA5F3F008646BC /* Sources */ = {
			isa = PBXSourcesBuildPhase;
			buildActionMask = 2147483647;
			files = (
				24424C4A22CA7D7D008646BC /* CustomTableViewCell.swift in Sources */,
				24424C4C22CA8237008646BC /* PlaceModel.swift in Sources */,
				2484A7FE22CBA8130087B424 /* NewPlaceViewController.swift in Sources */,
				2484A81E22D333F10087B424 /* StorageManager.swift in Sources */,
				24424C3622CA5F3F008646BC /* AppDelegate.swift in Sources */,
				24424C4822CA62E8008646BC /* MainViewController.swift in Sources */,
			);
			runOnlyForDeploymentPostprocessing = 0;
		};
/* End PBXSourcesBuildPhase section */

/* Begin PBXVariantGroup section */
		24424C3922CA5F3F008646BC /* Main.storyboard */ = {
			isa = PBXVariantGroup;
			children = (
				24424C3A22CA5F3F008646BC /* Base */,
			);
			name = Main.storyboard;
			sourceTree = "<group>";
		};
		24424C3E22CA5F40008646BC /* LaunchScreen.storyboard */ = {
			isa = PBXVariantGroup;
			children = (
				24424C3F22CA5F40008646BC /* Base */,
			);
			name = LaunchScreen.storyboard;
			sourceTree = "<group>";
		};
/* End PBXVariantGroup section */

/* Begin XCBuildConfiguration section */
		24424C4222CA5F40008646BC /* Debug */ = {
			isa = XCBuildConfiguration;
			buildSettings = {
				ALWAYS_SEARCH_USER_PATHS = NO;
				CLANG_ANALYZER_NONNULL = YES;
				CLANG_ANALYZER_NUMBER_OBJECT_CONVERSION = YES_AGGRESSIVE;
				CLANG_CXX_LANGUAGE_STANDARD = "gnu++14";
				CLANG_CXX_LIBRARY = "libc++";
				CLANG_ENABLE_MODULES = YES;
				CLANG_ENABLE_OBJC_ARC = YES;
				CLANG_ENABLE_OBJC_WEAK = YES;
				CLANG_WARN_BLOCK_CAPTURE_AUTORELEASING = YES;
				CLANG_WARN_BOOL_CONVERSION = YES;
				CLANG_WARN_COMMA = YES;
				CLANG_WARN_CONSTANT_CONVERSION = YES;
				CLANG_WARN_DEPRECATED_OBJC_IMPLEMENTATIONS = YES;
				CLANG_WARN_DIRECT_OBJC_ISA_USAGE = YES_ERROR;
				CLANG_WARN_DOCUMENTATION_COMMENTS = YES;
				CLANG_WARN_EMPTY_BODY = YES;
				CLANG_WARN_ENUM_CONVERSION = YES;
				CLANG_WARN_INFINITE_RECURSION = YES;
				CLANG_WARN_INT_CONVERSION = YES;
				CLANG_WARN_NON_LITERAL_NULL_CONVERSION = YES;
				CLANG_WARN_OBJC_IMPLICIT_RETAIN_SELF = YES;
				CLANG_WARN_OBJC_LITERAL_CONVERSION = YES;
				CLANG_WARN_OBJC_ROOT_CLASS = YES_ERROR;
				CLANG_WARN_RANGE_LOOP_ANALYSIS = YES;
				CLANG_WARN_STRICT_PROTOTYPES = YES;
				CLANG_WARN_SUSPICIOUS_MOVE = YES;
				CLANG_WARN_UNGUARDED_AVAILABILITY = YES_AGGRESSIVE;
				CLANG_WARN_UNREACHABLE_CODE = YES;
				CLANG_WARN__DUPLICATE_METHOD_MATCH = YES;
				CODE_SIGN_IDENTITY = "iPhone Developer";
				COPY_PHASE_STRIP = NO;
				DEBUG_INFORMATION_FORMAT = dwarf;
				ENABLE_STRICT_OBJC_MSGSEND = YES;
				ENABLE_TESTABILITY = YES;
				GCC_C_LANGUAGE_STANDARD = gnu11;
				GCC_DYNAMIC_NO_PIC = NO;
				GCC_NO_COMMON_BLOCKS = YES;
				GCC_OPTIMIZATION_LEVEL = 0;
				GCC_PREPROCESSOR_DEFINITIONS = (
					"DEBUG=1",
					"$(inherited)",
				);
				GCC_WARN_64_TO_32_BIT_CONVERSION = YES;
				GCC_WARN_ABOUT_RETURN_TYPE = YES_ERROR;
				GCC_WARN_UNDECLARED_SELECTOR = YES;
				GCC_WARN_UNINITIALIZED_AUTOS = YES_AGGRESSIVE;
				GCC_WARN_UNUSED_FUNCTION = YES;
				GCC_WARN_UNUSED_VARIABLE = YES;
				IPHONEOS_DEPLOYMENT_TARGET = 12.2;
				MTL_ENABLE_DEBUG_INFO = INCLUDE_SOURCE;
				MTL_FAST_MATH = YES;
				ONLY_ACTIVE_ARCH = YES;
				SDKROOT = iphoneos;
				SWIFT_ACTIVE_COMPILATION_CONDITIONS = DEBUG;
				SWIFT_OPTIMIZATION_LEVEL = "-Onone";
			};
			name = Debug;
		};
		24424C4322CA5F40008646BC /* Release */ = {
			isa = XCBuildConfiguration;
			buildSettings = {
				ALWAYS_SEARCH_USER_PATHS = NO;
				CLANG_ANALYZER_NONNULL = YES;
				CLANG_ANALYZER_NUMBER_OBJECT_CONVERSION = YES_AGGRESSIVE;
				CLANG_CXX_LANGUAGE_STANDARD = "gnu++14";
				CLANG_CXX_LIBRARY = "libc++";
				CLANG_ENABLE_MODULES = YES;
				CLANG_ENABLE_OBJC_ARC = YES;
				CLANG_ENABLE_OBJC_WEAK = YES;
				CLANG_WARN_BLOCK_CAPTURE_AUTORELEASING = YES;
				CLANG_WARN_BOOL_CONVERSION = YES;
				CLANG_WARN_COMMA = YES;
				CLANG_WARN_CONSTANT_CONVERSION = YES;
				CLANG_WARN_DEPRECATED_OBJC_IMPLEMENTATIONS = YES;
				CLANG_WARN_DIRECT_OBJC_ISA_USAGE = YES_ERROR;
				CLANG_WARN_DOCUMENTATION_COMMENTS = YES;
				CLANG_WARN_EMPTY_BODY = YES;
				CLANG_WARN_ENUM_CONVERSION = YES;
				CLANG_WARN_INFINITE_RECURSION = YES;
				CLANG_WARN_INT_CONVERSION = YES;
				CLANG_WARN_NON_LITERAL_NULL_CONVERSION = YES;
				CLANG_WARN_OBJC_IMPLICIT_RETAIN_SELF = YES;
				CLANG_WARN_OBJC_LITERAL_CONVERSION = YES;
				CLANG_WARN_OBJC_ROOT_CLASS = YES_ERROR;
				CLANG_WARN_RANGE_LOOP_ANALYSIS = YES;
				CLANG_WARN_STRICT_PROTOTYPES = YES;
				CLANG_WARN_SUSPICIOUS_MOVE = YES;
				CLANG_WARN_UNGUARDED_AVAILABILITY = YES_AGGRESSIVE;
				CLANG_WARN_UNREACHABLE_CODE = YES;
				CLANG_WARN__DUPLICATE_METHOD_MATCH = YES;
				CODE_SIGN_IDENTITY = "iPhone Developer";
				COPY_PHASE_STRIP = NO;
				DEBUG_INFORMATION_FORMAT = "dwarf-with-dsym";
				ENABLE_NS_ASSERTIONS = NO;
				ENABLE_STRICT_OBJC_MSGSEND = YES;
				GCC_C_LANGUAGE_STANDARD = gnu11;
				GCC_NO_COMMON_BLOCKS = YES;
				GCC_WARN_64_TO_32_BIT_CONVERSION = YES;
				GCC_WARN_ABOUT_RETURN_TYPE = YES_ERROR;
				GCC_WARN_UNDECLARED_SELECTOR = YES;
				GCC_WARN_UNINITIALIZED_AUTOS = YES_AGGRESSIVE;
				GCC_WARN_UNUSED_FUNCTION = YES;
				GCC_WARN_UNUSED_VARIABLE = YES;
				IPHONEOS_DEPLOYMENT_TARGET = 12.2;
				MTL_ENABLE_DEBUG_INFO = NO;
				MTL_FAST_MATH = YES;
				SDKROOT = iphoneos;
				SWIFT_COMPILATION_MODE = wholemodule;
				SWIFT_OPTIMIZATION_LEVEL = "-O";
				VALIDATE_PRODUCT = YES;
			};
			name = Release;
		};
		24424C4522CA5F40008646BC /* Debug */ = {
			isa = XCBuildConfiguration;
			baseConfigurationReference = 7A8415404972893965B11B1D /* Pods-myPlaces.debug.xcconfig */;
			buildSettings = {
				ASSETCATALOG_COMPILER_APPICON_NAME = AppIcon;
				CODE_SIGN_STYLE = Automatic;
				DEVELOPMENT_TEAM = 6KB5RUBFJK;
				INFOPLIST_FILE = myPlaces/Info.plist;
				LD_RUNPATH_SEARCH_PATHS = (
					"$(inherited)",
					"@executable_path/Frameworks",
				);
				PRODUCT_BUNDLE_IDENTIFIER = kaisheng.myPlaces;
				PRODUCT_NAME = "$(TARGET_NAME)";
				SWIFT_VERSION = 5.0;
				TARGETED_DEVICE_FAMILY = 1;
			};
			name = Debug;
		};
		24424C4622CA5F40008646BC /* Release */ = {
			isa = XCBuildConfiguration;
			baseConfigurationReference = B126A5BE413973D9F1F2935F /* Pods-myPlaces.release.xcconfig */;
			buildSettings = {
				ASSETCATALOG_COMPILER_APPICON_NAME = AppIcon;
				CODE_SIGN_STYLE = Automatic;
				DEVELOPMENT_TEAM = 6KB5RUBFJK;
				INFOPLIST_FILE = myPlaces/Info.plist;
				LD_RUNPATH_SEARCH_PATHS = (
					"$(inherited)",
					"@executable_path/Frameworks",
				);
				PRODUCT_BUNDLE_IDENTIFIER = kaisheng.myPlaces;
				PRODUCT_NAME = "$(TARGET_NAME)";
				SWIFT_VERSION = 5.0;
				TARGETED_DEVICE_FAMILY = 1;
			};
			name = Release;
		};
/* End XCBuildConfiguration section */

/* Begin XCConfigurationList section */
		24424C2D22CA5F3F008646BC /* Build configuration list for PBXProject "myPlaces" */ = {
			isa = XCConfigurationList;
			buildConfigurations = (
				24424C4222CA5F40008646BC /* Debug */,
				24424C4322CA5F40008646BC /* Release */,
			);
			defaultConfigurationIsVisible = 0;
			defaultConfigurationName = Release;
		};
		24424C4422CA5F40008646BC /* Build configuration list for PBXNativeTarget "myPlaces" */ = {
			isa = XCConfigurationList;
			buildConfigurations = (
				24424C4522CA5F40008646BC /* Debug */,
				24424C4622CA5F40008646BC /* Release */,
			);
			defaultConfigurationIsVisible = 0;
			defaultConfigurationName = Release;
		};
/* End XCConfigurationList section */
	};
	rootObject = 24424C2A22CA5F3F008646BC /* Project object */;
}
